
Microsoft Visual Studio Solution File, Format Version 12.00
# Visual Studio Version 16
VisualStudioVersion = 16.0.29102.190
MinimumVisualStudioVersion = 10.0.40219.1
Project("{FAE04EC0-301F-11D3-BF4B-00C04F79EFBC}") = "SentenceSpliter", "SentenceSpliter.csproj", "{302BBF78-7362-48F5-B47E-6F3EDA2175FA}"
EndProject
Global
	GlobalSection(SolutionConfigurationPlatforms) = preSolution
		Debug|Any CPU = Debug|Any CPU
		Release|Any CPU = Release|Any CPU
	EndGlobalSection
	GlobalSection(ProjectConfigurationPlatforms) = postSolution
		{302BBF78-7362-48F5-B47E-6F3EDA2175FA}.Debug|Any CPU.ActiveCfg = Debug|Any CPU
		{302BBF78-7362-48F5-B47E-6F3EDA2175FA}.Debug|Any CPU.Build.0 = Debug|Any CPU
		{302BBF78-7362-48F5-B47E-6F3EDA2175FA}.Release|Any CPU.ActiveCfg = Release|Any CPU
		{302BBF78-7362-48F5-B47E-6F3EDA2175FA}.Release|Any CPU.Build.0 = Release|Any CPU
	EndGlobalSection
	GlobalSection(SolutionProperties) = preSolution
		HideSolutionNode = FALSE
	EndGlobalSection
	GlobalSection(ExtensibilityGlobals) = postSolution
		SolutionGuid = {1A463C90-A64D-435D-8C61-4AED316D275E}
	EndGlobalSection
EndGlobal
